// !$*UTF8*$!
{
	archiveVersion = 1;
	classes = {
	};
	objectVersion = 50;
	objects = {

/* Begin PBXBuildFile section */
		13BE086F22795C2000D4F963 /* AppDelegate.swift in Sources */ = {isa = PBXBuildFile; fileRef = 13BE086E22795C2000D4F963 /* AppDelegate.swift */; };
		13BE087422795C2000D4F963 /* Main.storyboard in Resources */ = {isa = PBXBuildFile; fileRef = 13BE087222795C2000D4F963 /* Main.storyboard */; };
		13BE087922795C2200D4F963 /* Assets.xcassets in Resources */ = {isa = PBXBuildFile; fileRef = 13BE087822795C2200D4F963 /* Assets.xcassets */; };
		13BE087C22795C2200D4F963 /* LaunchScreen.storyboard in Resources */ = {isa = PBXBuildFile; fileRef = 13BE087A22795C2200D4F963 /* LaunchScreen.storyboard */; };
		13BE088F227965F500D4F963 /* Artworks+CoreDataClass.swift in Sources */ = {isa = PBXBuildFile; fileRef = 13BE088D227965F500D4F963 /* Artworks+CoreDataClass.swift */; };
		13BE0890227965F500D4F963 /* Artworks+CoreDataProperties.swift in Sources */ = {isa = PBXBuildFile; fileRef = 13BE088E227965F500D4F963 /* Artworks+CoreDataProperties.swift */; };
		13BE08932279670100D4F963 /* NetworkManager.swift in Sources */ = {isa = PBXBuildFile; fileRef = 13BE08922279670100D4F963 /* NetworkManager.swift */; };
		13BE08952279685000D4F963 /* DataSyncManager.swift in Sources */ = {isa = PBXBuildFile; fileRef = 13BE08942279685000D4F963 /* DataSyncManager.swift */; };
		13BE0897227970D800D4F963 /* Artworks_on_Campus.xcdatamodeld in Resources */ = {isa = PBXBuildFile; fileRef = 13BE087522795C2000D4F963 /* Artworks_on_Campus.xcdatamodeld */; };
		13BE089B22797E0200D4F963 /* GroupedArtworks.swift in Sources */ = {isa = PBXBuildFile; fileRef = 13BE089A22797E0200D4F963 /* GroupedArtworks.swift */; };
		13BE089E227985A900D4F963 /* DetailPageViewController.swift in Sources */ = {isa = PBXBuildFile; fileRef = 13BE089D227985A900D4F963 /* DetailPageViewController.swift */; };
		13BE08A0227986AB00D4F963 /* HomePageViewController.swift in Sources */ = {isa = PBXBuildFile; fileRef = 13BE089F227986AB00D4F963 /* HomePageViewController.swift */; };
		13BE08A322798C1300D4F963 /* CustomPointAnnotation.swift in Sources */ = {isa = PBXBuildFile; fileRef = 13BE08A222798C1300D4F963 /* CustomPointAnnotation.swift */; };
		13BE08A522798E7A00D4F963 /* MultipleArtworksSelectionViewController.swift in Sources */ = {isa = PBXBuildFile; fileRef = 13BE08A422798E7A00D4F963 /* MultipleArtworksSelectionViewController.swift */; };
		13BE08A72279E00C00D4F963 /* UIImageView+Cache.swift in Sources */ = {isa = PBXBuildFile; fileRef = 13BE08A62279E00C00D4F963 /* UIImageView+Cache.swift */; };
/* End PBXBuildFile section */

/* Begin PBXFileReference section */
		13BE086B22795C2000D4F963 /* Artworks on Campus.app */ = {isa = PBXFileReference; explicitFileType = wrapper.application; includeInIndex = 0; path = "Artworks on Campus.app"; sourceTree = BUILT_PRODUCTS_DIR; };
		13BE086E22795C2000D4F963 /* AppDelegate.swift */ = {isa = PBXFileReference; lastKnownFileType = sourcecode.swift; path = AppDelegate.swift; sourceTree = "<group>"; };
		13BE087322795C2000D4F963 /* Base */ = {isa = PBXFileReference; lastKnownFileType = file.storyboard; name = Base; path = Base.lproj/Main.storyboard; sourceTree = "<group>"; };
		13BE087622795C2000D4F963 /* Artworks_on_Campus.xcdatamodel */ = {isa = PBXFileReference; lastKnownFileType = wrapper.xcdatamodel; path = Artworks_on_Campus.xcdatamodel; sourceTree = "<group>"; };
		13BE087822795C2200D4F963 /* Assets.xcassets */ = {isa = PBXFileReference; lastKnownFileType = folder.assetcatalog; path = Assets.xcassets; sourceTree = "<group>"; };
		13BE087B22795C2200D4F963 /* Base */ = {isa = PBXFileReference; lastKnownFileType = file.storyboard; name = Base; path = Base.lproj/LaunchScreen.storyboard; sourceTree = "<group>"; };
		13BE087D22795C2200D4F963 /* Info.plist */ = {isa = PBXFileReference; lastKnownFileType = text.plist.xml; path = Info.plist; sourceTree = "<group>"; };
		13BE0883227961AD00D4F963 /* AshtonBuilding.gpx */ = {isa = PBXFileReference; lastKnownFileType = text.xml; path = AshtonBuilding.gpx; sourceTree = "<group>"; };
		13BE088D227965F500D4F963 /* Artworks+CoreDataClass.swift */ = {isa = PBXFileReference; lastKnownFileType = sourcecode.swift; path = "Artworks+CoreDataClass.swift"; sourceTree = "<group>"; };
		13BE088E227965F500D4F963 /* Artworks+CoreDataProperties.swift */ = {isa = PBXFileReference; lastKnownFileType = sourcecode.swift; path = "Artworks+CoreDataProperties.swift"; sourceTree = "<group>"; };
		13BE08922279670100D4F963 /* NetworkManager.swift */ = {isa = PBXFileReference; lastKnownFileType = sourcecode.swift; path = NetworkManager.swift; sourceTree = "<group>"; };
		13BE08942279685000D4F963 /* DataSyncManager.swift */ = {isa = PBXFileReference; lastKnownFileType = sourcecode.swift; path = DataSyncManager.swift; sourceTree = "<group>"; };
		13BE089A22797E0200D4F963 /* GroupedArtworks.swift */ = {isa = PBXFileReference; lastKnownFileType = sourcecode.swift; path = GroupedArtworks.swift; sourceTree = "<group>"; };
		13BE089D227985A900D4F963 /* DetailPageViewController.swift */ = {isa = PBXFileReference; lastKnownFileType = sourcecode.swift; path = DetailPageViewController.swift; sourceTree = "<group>"; };
		13BE089F227986AB00D4F963 /* HomePageViewController.swift */ = {isa = PBXFileReference; fileEncoding = 4; lastKnownFileType = sourcecode.swift; path = HomePageViewController.swift; sourceTree = "<group>"; };
		13BE08A222798C1300D4F963 /* CustomPointAnnotation.swift */ = {isa = PBXFileReference; lastKnownFileType = sourcecode.swift; path = CustomPointAnnotation.swift; sourceTree = "<group>"; };
		13BE08A422798E7A00D4F963 /* MultipleArtworksSelectionViewController.swift */ = {isa = PBXFileReference; lastKnownFileType = sourcecode.swift; path = MultipleArtworksSelectionViewController.swift; sourceTree = "<group>"; };
		13BE08A62279E00C00D4F963 /* UIImageView+Cache.swift */ = {isa = PBXFileReference; lastKnownFileType = sourcecode.swift; path = "UIImageView+Cache.swift"; sourceTree = "<group>"; };
/* End PBXFileReference section */

/* Begin PBXFrameworksBuildPhase section */
		13BE086822795C2000D4F963 /* Frameworks */ = {
			isa = PBXFrameworksBuildPhase;
			buildActionMask = 2147483647;
			files = (
			);
			runOnlyForDeploymentPostprocessing = 0;
		};
/* End PBXFrameworksBuildPhase section */

/* Begin PBXGroup section */
		13BE086222795C2000D4F963 = {
			isa = PBXGroup;
			children = (
				13BE0883227961AD00D4F963 /* AshtonBuilding.gpx */,
				13BE086D22795C2000D4F963 /* Artworks on Campus */,
				13BE086C22795C2000D4F963 /* Products */,
			);
			sourceTree = "<group>";
		};
		13BE086C22795C2000D4F963 /* Products */ = {
			isa = PBXGroup;
			children = (
				13BE086B22795C2000D4F963 /* Artworks on Campus.app */,
			);
			name = Products;
			sourceTree = "<group>";
		};
		13BE086D22795C2000D4F963 /* Artworks on Campus */ = {
			isa = PBXGroup;
			children = (
				13BE08A122798C0200D4F963 /* Helpers */,
				13BE089C2279859000D4F963 /* ViewControllers */,
				13BE0891227966D000D4F963 /* NetworkManager */,
				13BE08882279659500D4F963 /* ModelObject */,
				13BE086E22795C2000D4F963 /* AppDelegate.swift */,
				13BE087222795C2000D4F963 /* Main.storyboard */,
				13BE087822795C2200D4F963 /* Assets.xcassets */,
				13BE087A22795C2200D4F963 /* LaunchScreen.storyboard */,
				13BE087D22795C2200D4F963 /* Info.plist */,
				13BE087522795C2000D4F963 /* Artworks_on_Campus.xcdatamodeld */,
			);
			path = "Artworks on Campus";
			sourceTree = "<group>";
		};
		13BE08882279659500D4F963 /* ModelObject */ = {
			isa = PBXGroup;
			children = (
				13BE088D227965F500D4F963 /* Artworks+CoreDataClass.swift */,
				13BE088E227965F500D4F963 /* Artworks+CoreDataProperties.swift */,
				13BE089A22797E0200D4F963 /* GroupedArtworks.swift */,
			);
			path = ModelObject;
			sourceTree = "<group>";
		};
		13BE0891227966D000D4F963 /* NetworkManager */ = {
			isa = PBXGroup;
			children = (
				13BE08922279670100D4F963 /* NetworkManager.swift */,
				13BE08942279685000D4F963 /* DataSyncManager.swift */,
			);
			path = NetworkManager;
			sourceTree = "<group>";
		};
		13BE089C2279859000D4F963 /* ViewControllers */ = {
			isa = PBXGroup;
			children = (
				13BE089F227986AB00D4F963 /* HomePageViewController.swift */,
				13BE089D227985A900D4F963 /* DetailPageViewController.swift */,
				13BE08A422798E7A00D4F963 /* MultipleArtworksSelectionViewController.swift */,
			);
			path = ViewControllers;
			sourceTree = "<group>";
		};
		13BE08A122798C0200D4F963 /* Helpers */ = {
			isa = PBXGroup;
			children = (
				13BE08A222798C1300D4F963 /* CustomPointAnnotation.swift */,
				13BE08A62279E00C00D4F963 /* UIImageView+Cache.swift */,
			);
			path = Helpers;
			sourceTree = "<group>";
		};
/* End PBXGroup section */

/* Begin PBXNativeTarget section */
		13BE086A22795C2000D4F963 /* Artworks on Campus */ = {
			isa = PBXNativeTarget;
			buildConfigurationList = 13BE088022795C2200D4F963 /* Build configuration list for PBXNativeTarget "Artworks on Campus" */;
			buildPhases = (
				13BE086722795C2000D4F963 /* Sources */,
				13BE086822795C2000D4F963 /* Frameworks */,
				13BE086922795C2000D4F963 /* Resources */,
			);
			buildRules = (
			);
			dependencies = (
			);
			name = "Artworks on Campus";
			productName = "Artworks on Campus";
			productReference = 13BE086B22795C2000D4F963 /* Artworks on Campus.app */;
			productType = "com.apple.product-type.application";
		};
/* End PBXNativeTarget section */

/* Begin PBXProject section */
		13BE086322795C2000D4F963 /* Project object */ = {
			isa = PBXProject;
			attributes = {
				LastSwiftUpdateCheck = 1020;
				LastUpgradeCheck = 1020;
				TargetAttributes = {
					13BE086A22795C2000D4F963 = {
						CreatedOnToolsVersion = 10.2.1;
					};
				};
			};
			buildConfigurationList = 13BE086622795C2000D4F963 /* Build configuration list for PBXProject "Artworks on Campus" */;
			compatibilityVersion = "Xcode 9.3";
			developmentRegion = en;
			hasScannedForEncodings = 0;
			knownRegions = (
				en,
				Base,
			);
			mainGroup = 13BE086222795C2000D4F963;
			productRefGroup = 13BE086C22795C2000D4F963 /* Products */;
			projectDirPath = "";
			projectRoot = "";
			targets = (
				13BE086A22795C2000D4F963 /* Artworks on Campus */,
			);
		};
/* End PBXProject section */

/* Begin PBXResourcesBuildPhase section */
		13BE086922795C2000D4F963 /* Resources */ = {
			isa = PBXResourcesBuildPhase;
			buildActionMask = 2147483647;
			files = (
				13BE0897227970D800D4F963 /* Artworks_on_Campus.xcdatamodeld in Resources */,
				13BE087C22795C2200D4F963 /* LaunchScreen.storyboard in Resources */,
				13BE087922795C2200D4F963 /* Assets.xcassets in Resources */,
				13BE087422795C2000D4F963 /* Main.storyboard in Resources */,
			);
			runOnlyForDeploymentPostprocessing = 0;
		};
/* End PBXResourcesBuildPhase section */

/* Begin PBXSourcesBuildPhase section */
		13BE086722795C2000D4F963 /* Sources */ = {
			isa = PBXSourcesBuildPhase;
			buildActionMask = 2147483647;
			files = (
				13BE08A522798E7A00D4F963 /* MultipleArtworksSelectionViewController.swift in Sources */,
				13BE089E227985A900D4F963 /* DetailPageViewController.swift in Sources */,
				13BE08952279685000D4F963 /* DataSyncManager.swift in Sources */,
				13BE08A0227986AB00D4F963 /* HomePageViewController.swift in Sources */,
				13BE088F227965F500D4F963 /* Artworks+CoreDataClass.swift in Sources */,
				13BE08932279670100D4F963 /* NetworkManager.swift in Sources */,
				13BE086F22795C2000D4F963 /* AppDelegate.swift in Sources */,
				13BE0890227965F500D4F963 /* Artworks+CoreDataProperties.swift in Sources */,
				13BE08A72279E00C00D4F963 /* UIImageView+Cache.swift in Sources */,
				13BE08A322798C1300D4F963 /* CustomPointAnnotation.swift in Sources */,
				13BE089B22797E0200D4F963 /* GroupedArtworks.swift in Sources */,
			);
			runOnlyForDeploymentPostprocessing = 0;
		};
/* End PBXSourcesBuildPhase section */

/* Begin PBXVariantGroup section */
		13BE087222795C2000D4F963 /* Main.storyboard */ = {
			isa = PBXVariantGroup;
			children = (
				13BE087322795C2000D4F963 /* Base */,
			);
			name = Main.storyboard;
			sourceTree = "<group>";
		};
		13BE087A22795C2200D4F963 /* LaunchScreen.storyboard */ = {
			isa = PBXVariantGroup;
			children = (
				13BE087B22795C2200D4F963 /* Base */,
			);
			name = LaunchScreen.storyboard;
			sourceTree = "<group>";
		};
/* End PBXVariantGroup section */

/* Begin XCBuildConfiguration section */
		13BE087E22795C2200D4F963 /* Debug */ = {
			isa = XCBuildConfiguration;
			buildSettings = {
				ALWAYS_SEARCH_USER_PATHS = NO;
				CLANG_ANALYZER_NONNULL = YES;
				CLANG_ANALYZER_NUMBER_OBJECT_CONVERSION = YES_AGGRESSIVE;
				CLANG_CXX_LANGUAGE_STANDARD = "gnu++14";
				CLANG_CXX_LIBRARY = "libc++";
				CLANG_ENABLE_MODULES = YES;
				CLANG_ENABLE_OBJC_ARC = YES;
				CLANG_ENABLE_OBJC_WEAK = YES;
				CLANG_WARN_BLOCK_CAPTURE_AUTORELEASING = YES;
				CLANG_WARN_BOOL_CONVERSION = YES;
				CLANG_WARN_COMMA = YES;
				CLANG_WARN_CONSTANT_CONVERSION = YES;
				CLANG_WARN_DEPRECATED_OBJC_IMPLEMENTATIONS = YES;
				CLANG_WARN_DIRECT_OBJC_ISA_USAGE = YES_ERROR;
				CLANG_WARN_DOCUMENTATION_COMMENTS = YES;
				CLANG_WARN_EMPTY_BODY = YES;
				CLANG_WARN_ENUM_CONVERSION = YES;
				CLANG_WARN_INFINITE_RECURSION = YES;
				CLANG_WARN_INT_CONVERSION = YES;
				CLANG_WARN_NON_LITERAL_NULL_CONVERSION = YES;
				CLANG_WARN_OBJC_IMPLICIT_RETAIN_SELF = YES;
				CLANG_WARN_OBJC_LITERAL_CONVERSION = YES;
				CLANG_WARN_OBJC_ROOT_CLASS = YES_ERROR;
				CLANG_WARN_RANGE_LOOP_ANALYSIS = YES;
				CLANG_WARN_STRICT_PROTOTYPES = YES;
				CLANG_WARN_SUSPICIOUS_MOVE = YES;
				CLANG_WARN_UNGUARDED_AVAILABILITY = YES_AGGRESSIVE;
				CLANG_WARN_UNREACHABLE_CODE = YES;
				CLANG_WARN__DUPLICATE_METHOD_MATCH = YES;
				CODE_SIGN_IDENTITY = "iPhone Developer";
				COPY_PHASE_STRIP = NO;
				DEBUG_INFORMATION_FORMAT = dwarf;
				ENABLE_STRICT_OBJC_MSGSEND = YES;
				ENABLE_TESTABILITY = YES;
				GCC_C_LANGUAGE_STANDARD = gnu11;
				GCC_DYNAMIC_NO_PIC = NO;
				GCC_NO_COMMON_BLOCKS = YES;
				GCC_OPTIMIZATION_LEVEL = 0;
				GCC_PREPROCESSOR_DEFINITIONS = (
					"DEBUG=1",
					"$(inherited)",
				);
				GCC_WARN_64_TO_32_BIT_CONVERSION = YES;
				GCC_WARN_ABOUT_RETURN_TYPE = YES_ERROR;
				GCC_WARN_UNDECLARED_SELECTOR = YES;
				GCC_WARN_UNINITIALIZED_AUTOS = YES_AGGRESSIVE;
				GCC_WARN_UNUSED_FUNCTION = YES;
				GCC_WARN_UNUSED_VARIABLE = YES;
				IPHONEOS_DEPLOYMENT_TARGET = 12.2;
				MTL_ENABLE_DEBUG_INFO = INCLUDE_SOURCE;
				MTL_FAST_MATH = YES;
				ONLY_ACTIVE_ARCH = YES;
				SDKROOT = iphoneos;
				SWIFT_ACTIVE_COMPILATION_CONDITIONS = DEBUG;
				SWIFT_OPTIMIZATION_LEVEL = "-Onone";
			};
			name = Debug;
		};
		13BE087F22795C2200D4F963 /* Release */ = {
			isa = XCBuildConfiguration;
			buildSettings = {
				ALWAYS_SEARCH_USER_PATHS = NO;
				CLANG_ANALYZER_NONNULL = YES;
				CLANG_ANALYZER_NUMBER_OBJECT_CONVERSION = YES_AGGRESSIVE;
				CLANG_CXX_LANGUAGE_STANDARD = "gnu++14";
				CLANG_CXX_LIBRARY = "libc++";
				CLANG_ENABLE_MODULES = YES;
				CLANG_ENABLE_OBJC_ARC = YES;
				CLANG_ENABLE_OBJC_WEAK = YES;
				CLANG_WARN_BLOCK_CAPTURE_AUTORELEASING = YES;
				CLANG_WARN_BOOL_CONVERSION = YES;
				CLANG_WARN_COMMA = YES;
				CLANG_WARN_CONSTANT_CONVERSION = YES;
				CLANG_WARN_DEPRECATED_OBJC_IMPLEMENTATIONS = YES;
				CLANG_WARN_DIRECT_OBJC_ISA_USAGE = YES_ERROR;
				CLANG_WARN_DOCUMENTATION_COMMENTS = YES;
				CLANG_WARN_EMPTY_BODY = YES;
				CLANG_WARN_ENUM_CONVERSION = YES;
				CLANG_WARN_INFINITE_RECURSION = YES;
				CLANG_WARN_INT_CONVERSION = YES;
				CLANG_WARN_NON_LITERAL_NULL_CONVERSION = YES;
				CLANG_WARN_OBJC_IMPLICIT_RETAIN_SELF = YES;
				CLANG_WARN_OBJC_LITERAL_CONVERSION = YES;
				CLANG_WARN_OBJC_ROOT_CLASS = YES_ERROR;
				CLANG_WARN_RANGE_LOOP_ANALYSIS = YES;
				CLANG_WARN_STRICT_PROTOTYPES = YES;
				CLANG_WARN_SUSPICIOUS_MOVE = YES;
				CLANG_WARN_UNGUARDED_AVAILABILITY = YES_AGGRESSIVE;
				CLANG_WARN_UNREACHABLE_CODE = YES;
				CLANG_WARN__DUPLICATE_METHOD_MATCH = YES;
				CODE_SIGN_IDENTITY = "iPhone Developer";
				COPY_PHASE_STRIP = NO;
				DEBUG_INFORMATION_FORMAT = "dwarf-with-dsym";
				ENABLE_NS_ASSERTIONS = NO;
				ENABLE_STRICT_OBJC_MSGSEND = YES;
				GCC_C_LANGUAGE_STANDARD = gnu11;
				GCC_NO_COMMON_BLOCKS = YES;
				GCC_WARN_64_TO_32_BIT_CONVERSION = YES;
				GCC_WARN_ABOUT_RETURN_TYPE = YES_ERROR;
				GCC_WARN_UNDECLARED_SELECTOR = YES;
				GCC_WARN_UNINITIALIZED_AUTOS = YES_AGGRESSIVE;
				GCC_WARN_UNUSED_FUNCTION = YES;
				GCC_WARN_UNUSED_VARIABLE = YES;
				IPHONEOS_DEPLOYMENT_TARGET = 12.2;
				MTL_ENABLE_DEBUG_INFO = NO;
				MTL_FAST_MATH = YES;
				SDKROOT = iphoneos;
				SWIFT_COMPILATION_MODE = wholemodule;
				SWIFT_OPTIMIZATION_LEVEL = "-O";
				VALIDATE_PRODUCT = YES;
			};
			name = Release;
		};
		13BE088122795C2200D4F963 /* Debug */ = {
			isa = XCBuildConfiguration;
			buildSettings = {
				ASSETCATALOG_COMPILER_APPICON_NAME = AppIcon;
				CODE_SIGN_STYLE = Automatic;
				INFOPLIST_FILE = "Artworks on Campus/Info.plist";
				IPHONEOS_DEPLOYMENT_TARGET = 12.1;
				LD_RUNPATH_SEARCH_PATHS = (
					"$(inherited)",
					"@executable_path/Frameworks",
				);
				PRODUCT_BUNDLE_IDENTIFIER = "com.COMP228.Artworks-on-Campus";
				PRODUCT_NAME = "$(TARGET_NAME)";
				SWIFT_VERSION = 4.2;
				TARGETED_DEVICE_FAMILY = "1,2";
			};
			name = Debug;
		};
		13BE088222795C2200D4F963 /* Release */ = {
			isa = XCBuildConfiguration;
			buildSettings = {
				ASSETCATALOG_COMPILER_APPICON_NAME = AppIcon;
				CODE_SIGN_STYLE = Automatic;
				INFOPLIST_FILE = "Artworks on Campus/Info.plist";
				IPHONEOS_DEPLOYMENT_TARGET = 12.1;
				LD_RUNPATH_SEARCH_PATHS = (
					"$(inherited)",
					"@executable_path/Frameworks",
				);
				PRODUCT_BUNDLE_IDENTIFIER = "com.COMP228.Artworks-on-Campus";
				PRODUCT_NAME = "$(TARGET_NAME)";
				SWIFT_VERSION = 4.2;
				TARGETED_DEVICE_FAMILY = "1,2";
			};
			name = Release;
		};
/* End XCBuildConfiguration section */

/* Begin XCConfigurationList section */
		13BE086622795C2000D4F963 /* Build configuration list for PBXProject "Artworks on Campus" */ = {
			isa = XCConfigurationList;
			buildConfigurations = (
				13BE087E22795C2200D4F963 /* Debug */,
				13BE087F22795C2200D4F963 /* Release */,
			);
			defaultConfigurationIsVisible = 0;
			defaultConfigurationName = Release;
		};
		13BE088022795C2200D4F963 /* Build configuration list for PBXNativeTarget "Artworks on Campus" */ = {
			isa = XCConfigurationList;
			buildConfigurations = (
				13BE088122795C2200D4F963 /* Debug */,
				13BE088222795C2200D4F963 /* Release */,
			);
			defaultConfigurationIsVisible = 0;
			defaultConfigurationName = Release;
		};
/* End XCConfigurationList section */

/* Begin XCVersionGroup section */
		13BE087522795C2000D4F963 /* Artworks_on_Campus.xcdatamodeld */ = {
			isa = XCVersionGroup;
			children = (
				13BE087622795C2000D4F963 /* Artworks_on_Campus.xcdatamodel */,
			);
			currentVersion = 13BE087622795C2000D4F963 /* Artworks_on_Campus.xcdatamodel */;
			path = Artworks_on_Campus.xcdatamodeld;
			sourceTree = "<group>";
			versionGroupType = wrapper.xcdatamodel;
		};
/* End XCVersionGroup section */
	};
	rootObject = 13BE086322795C2000D4F963 /* Project object */;
}
